
Microsoft Visual Studio Solution File, Format Version 12.00
# Visual Studio Version 17
VisualStudioVersion = 17.4.33205.214
MinimumVisualStudioVersion = 10.0.40219.1
Project("{FAE04EC0-301F-11D3-BF4B-00C04F79EFBC}") = "App1.Android", "App1\App1.Android\App1.Android.csproj", "{5A6E2E52-242A-4656-AAEC-F7FC2332A42D}"
EndProject
Project("{FAE04EC0-301F-11D3-BF4B-00C04F79EFBC}") = "App1.iOS", "App1\App1.iOS\App1.iOS.csproj", "{7BD697EC-7DE6-42C5-B0DB-7E45017CBBF3}"
EndProject
Project("{FAE04EC0-301F-11D3-BF4B-00C04F79EFBC}") = "App1", "App1\App1\App1.csproj", "{C88A7DF3-84D6-4F35-BCBF-DFC57DD187B1}"
EndProject
Global
	GlobalSection(SolutionConfigurationPlatforms) = preSolution
		Debug|Any CPU = Debug|Any CPU
		Debug|iPhone = Debug|iPhone
		Debug|iPhoneSimulator = Debug|iPhoneSimulator
		Release|Any CPU = Release|Any CPU
		Release|iPhone = Release|iPhone
		Release|iPhoneSimulator = Release|iPhoneSimulator
	EndGlobalSection
	GlobalSection(ProjectConfigurationPlatforms) = postSolution
		{5A6E2E52-242A-4656-AAEC-F7FC2332A42D}.Debug|Any CPU.ActiveCfg = Debug|Any CPU
		{5A6E2E52-242A-4656-AAEC-F7FC2332A42D}.Debug|Any CPU.Build.0 = Debug|Any CPU
		{5A6E2E52-242A-4656-AAEC-F7FC2332A42D}.Debug|Any CPU.Deploy.0 = Debug|Any CPU
		{5A6E2E52-242A-4656-AAEC-F7FC2332A42D}.Debug|iPhone.ActiveCfg = Debug|Any CPU
		{5A6E2E52-242A-4656-AAEC-F7FC2332A42D}.Debug|iPhone.Build.0 = Debug|Any CPU
		{5A6E2E52-242A-4656-AAEC-F7FC2332A42D}.Debug|iPhone.Deploy.0 = Debug|Any CPU
		{5A6E2E52-242A-4656-AAEC-F7FC2332A42D}.Debug|iPhoneSimulator.ActiveCfg = Debug|Any CPU
		{5A6E2E52-242A-4656-AAEC-F7FC2332A42D}.Debug|iPhoneSimulator.Build.0 = Debug|Any CPU
		{5A6E2E52-242A-4656-AAEC-F7FC2332A42D}.Debug|iPhoneSimulator.Deploy.0 = Debug|Any CPU
		{5A6E2E52-242A-4656-AAEC-F7FC2332A42D}.Release|Any CPU.ActiveCfg = Release|Any CPU
		{5A6E2E52-242A-4656-AAEC-F7FC2332A42D}.Release|Any CPU.Build.0 = Release|Any CPU
		{5A6E2E52-242A-4656-AAEC-F7FC2332A42D}.Release|Any CPU.Deploy.0 = Release|Any CPU
		{5A6E2E52-242A-4656-AAEC-F7FC2332A42D}.Release|iPhone.ActiveCfg = Release|Any CPU
		{5A6E2E52-242A-4656-AAEC-F7FC2332A42D}.Release|iPhone.Build.0 = Release|Any CPU
		{5A6E2E52-242A-4656-AAEC-F7FC2332A42D}.Release|iPhone.Deploy.0 = Release|Any CPU
		{5A6E2E52-242A-4656-AAEC-F7FC2332A42D}.Release|iPhoneSimulator.ActiveCfg = Release|Any CPU
		{5A6E2E52-242A-4656-AAEC-F7FC2332A42D}.Release|iPhoneSimulator.Build.0 = Release|Any CPU
		{5A6E2E52-242A-4656-AAEC-F7FC2332A42D}.Release|iPhoneSimulator.Deploy.0 = Release|Any CPU
		{7BD697EC-7DE6-42C5-B0DB-7E45017CBBF3}.Debug|Any CPU.ActiveCfg = Debug|iPhone
		{7BD697EC-7DE6-42C5-B0DB-7E45017CBBF3}.Debug|Any CPU.Build.0 = Debug|iPhone
		{7BD697EC-7DE6-42C5-B0DB-7E45017CBBF3}.Debug|Any CPU.Deploy.0 = Debug|iPhone
		{7BD697EC-7DE6-42C5-B0DB-7E45017CBBF3}.Debug|iPhone.ActiveCfg = Debug|iPhone
		{7BD697EC-7DE6-42C5-B0DB-7E45017CBBF3}.Debug|iPhone.Build.0 = Debug|iPhone
		{7BD697EC-7DE6-42C5-B0DB-7E45017CBBF3}.Debug|iPhone.Deploy.0 = Debug|iPhone
		{7BD697EC-7DE6-42C5-B0DB-7E45017CBBF3}.Debug|iPhoneSimulator.ActiveCfg = Debug|iPhoneSimulator
		{7BD697EC-7DE6-42C5-B0DB-7E45017CBBF3}.Debug|iPhoneSimulator.Build.0 = Debug|iPhoneSimulator
		{7BD697EC-7DE6-42C5-B0DB-7E45017CBBF3}.Debug|iPhoneSimulator.Deploy.0 = Debug|iPhoneSimulator
		{7BD697EC-7DE6-42C5-B0DB-7E45017CBBF3}.Release|Any CPU.ActiveCfg = Release|iPhoneSimulator
		{7BD697EC-7DE6-42C5-B0DB-7E45017CBBF3}.Release|Any CPU.Build.0 = Release|iPhoneSimulator
		{7BD697EC-7DE6-42C5-B0DB-7E45017CBBF3}.Release|Any CPU.Deploy.0 = Release|iPhoneSimulator
		{7BD697EC-7DE6-42C5-B0DB-7E45017CBBF3}.Release|iPhone.ActiveCfg = Release|iPhone
		{7BD697EC-7DE6-42C5-B0DB-7E45017CBBF3}.Release|iPhone.Build.0 = Release|iPhone
		{7BD697EC-7DE6-42C5-B0DB-7E45017CBBF3}.Release|iPhone.Deploy.0 = Release|iPhone
		{7BD697EC-7DE6-42C5-B0DB-7E45017CBBF3}.Release|iPhoneSimulator.ActiveCfg = Release|iPhoneSimulator
		{7BD697EC-7DE6-42C5-B0DB-7E45017CBBF3}.Release|iPhoneSimulator.Build.0 = Release|iPhoneSimulator
		{7BD697EC-7DE6-42C5-B0DB-7E45017CBBF3}.Release|iPhoneSimulator.Deploy.0 = Release|iPhoneSimulator
		{C88A7DF3-84D6-4F35-BCBF-DFC57DD187B1}.Debug|Any CPU.ActiveCfg = Debug|Any CPU
		{C88A7DF3-84D6-4F35-BCBF-DFC57DD187B1}.Debug|Any CPU.Build.0 = Debug|Any CPU
		{C88A7DF3-84D6-4F35-BCBF-DFC57DD187B1}.Debug|Any CPU.Deploy.0 = Debug|Any CPU
		{C88A7DF3-84D6-4F35-BCBF-DFC57DD187B1}.Debug|iPhone.ActiveCfg = Debug|Any CPU
		{C88A7DF3-84D6-4F35-BCBF-DFC57DD187B1}.Debug|iPhone.Build.0 = Debug|Any CPU
		{C88A7DF3-84D6-4F35-BCBF-DFC57DD187B1}.Debug|iPhone.Deploy.0 = Debug|Any CPU
		{C88A7DF3-84D6-4F35-BCBF-DFC57DD187B1}.Debug|iPhoneSimulator.ActiveCfg = Debug|Any CPU
		{C88A7DF3-84D6-4F35-BCBF-DFC57DD187B1}.Debug|iPhoneSimulator.Build.0 = Debug|Any CPU
		{C88A7DF3-84D6-4F35-BCBF-DFC57DD187B1}.Debug|iPhoneSimulator.Deploy.0 = Debug|Any CPU
		{C88A7DF3-84D6-4F35-BCBF-DFC57DD187B1}.Release|Any CPU.ActiveCfg = Release|Any CPU
		{C88A7DF3-84D6-4F35-BCBF-DFC57DD187B1}.Release|Any CPU.Build.0 = Release|Any CPU
		{C88A7DF3-84D6-4F35-BCBF-DFC57DD187B1}.Release|Any CPU.Deploy.0 = Release|Any CPU
		{C88A7DF3-84D6-4F35-BCBF-DFC57DD187B1}.Release|iPhone.ActiveCfg = Release|Any CPU
		{C88A7DF3-84D6-4F35-BCBF-DFC57DD187B1}.Release|iPhone.Build.0 = Release|Any CPU
		{C88A7DF3-84D6-4F35-BCBF-DFC57DD187B1}.Release|iPhone.Deploy.0 = Release|Any CPU
		{C88A7DF3-84D6-4F35-BCBF-DFC57DD187B1}.Release|iPhoneSimulator.ActiveCfg = Release|Any CPU
		{C88A7DF3-84D6-4F35-BCBF-DFC57DD187B1}.Release|iPhoneSimulator.Build.0 = Release|Any CPU
		{C88A7DF3-84D6-4F35-BCBF-DFC57DD187B1}.Release|iPhoneSimulator.Deploy.0 = Release|Any CPU
	EndGlobalSection
	GlobalSection(SolutionProperties) = preSolution
		HideSolutionNode = FALSE
	EndGlobalSection
	GlobalSection(ExtensibilityGlobals) = postSolution
		SolutionGuid = {B1050598-3145-413C-8FEA-530CAD65085C}
	EndGlobalSection
EndGlobal
